
Microsoft Visual Studio Solution File, Format Version 12.00
# Visual Studio Version 16
VisualStudioVersion = 16.0.28729.10
MinimumVisualStudioVersion = 10.0.40219.1
Project("{FAE04EC0-301F-11D3-BF4B-00C04F79EFBC}") = "Notes Making  App", "WindowsFormsApp2\Notes Making  App.csproj", "{317A4B35-8270-40F6-9FF5-FDD0C48B6254}"
EndProject
Global
	GlobalSection(SolutionConfigurationPlatforms) = preSolution
		Debug|Any CPU = Debug|Any CPU
		Release|Any CPU = Release|Any CPU
	EndGlobalSection
	GlobalSection(ProjectConfigurationPlatforms) = postSolution
		{317A4B35-8270-40F6-9FF5-FDD0C48B6254}.Debug|Any CPU.ActiveCfg = Debug|Any CPU
		{317A4B35-8270-40F6-9FF5-FDD0C48B6254}.Debug|Any CPU.Build.0 = Debug|Any CPU
		{317A4B35-8270-40F6-9FF5-FDD0C48B6254}.Release|Any CPU.ActiveCfg = Release|Any CPU
		{317A4B35-8270-40F6-9FF5-FDD0C48B6254}.Release|Any CPU.Build.0 = Release|Any CPU
	EndGlobalSection
	GlobalSection(SolutionProperties) = preSolution
		HideSolutionNode = FALSE
	EndGlobalSection
	GlobalSection(ExtensibilityGlobals) = postSolution
		SolutionGuid = {A345CBCC-8D74-4553-93FE-8C3AB71D54F8}
	EndGlobalSection
EndGlobal
